{
  "name": "code_challenge",
  "lockfileVersion": 2,
  "requires": true,
  "packages": {
    "": {
      "dependencies": {
        "code-challenge": "^0.0.5"
      }
    },
    "node_modules/@node-redis/client": {
      "version": "1.0.0",
      "resolved": "https://registry.npmjs.org/@node-redis/client/-/client-1.0.0.tgz",
      "integrity": "sha512-DWDMeZELXG3rOGzCKfJEHCkCP6rgiA1H+oqj2N0NR4Q0fQUYMxTsyoqt80GpdYLilUW6zoCiQl9yL3vJhGhiCA==",
      "dependencies": {
        "cluster-key-slot": "1.1.0",
        "generic-pool": "3.8.2",
        "redis-parser": "3.0.0",
        "yallist": "4.0.0"
      },
      "engines": {
        "node": ">=12"
      }
    },
    "node_modules/@node-redis/json": {
      "version": "1.0.0",
      "resolved": "https://registry.npmjs.org/@node-redis/json/-/json-1.0.0.tgz",
      "integrity": "sha512-6e4qjbHODfr/KFsHYvkbfNui/kedVz+cG7Hz8oNbZM3p68QLf3A8FjcPYzixBp/QbvPeOSLgj39DjVEqjKkqkw==",
      "peerDependencies": {
        "@node-redis/client": "^1.0.0"
      }
    },
    "node_modules/@node-redis/search": {
      "version": "1.0.0",
      "resolved": "https://registry.npmjs.org/@node-redis/search/-/search-1.0.0.tgz",
      "integrity": "sha512-f0Cw83X5+bpDIDTNSpd3YA+ckV3kwSv/NfcKhHRPGDQXFqyMLO0Q+2t8EMQncvsMRWduURsR4nqMYGzXae1ZCA==",
      "peerDependencies": {
        "@node-redis/client": "^1.0.0"
      }
    },
    "node_modules/ansi-regex": {
      "version": "0.2.1",
      "resolved": "https://registry.npmjs.org/ansi-regex/-/ansi-regex-0.2.1.tgz",
      "integrity": "sha1-DY6UaWej2BQ/k+JOKYUl/BsiNfk=",
      "engines": {
        "node": ">=0.10.0"
      }
    },
    "node_modules/ansi-styles": {
      "version": "1.1.0",
      "resolved": "https://registry.npmjs.org/ansi-styles/-/ansi-styles-1.1.0.tgz",
      "integrity": "sha1-6uy/Zs1waIJ2Cy9GkVgrj1XXp94=",
      "engines": {
        "node": ">=0.10.0"
      }
    },
    "node_modules/balanced-match": {
      "version": "1.0.2",
      "resolved": "https://registry.npmjs.org/balanced-match/-/balanced-match-1.0.2.tgz",
      "integrity": "sha512-3oSeUO0TMV67hN1AmbXsK4yaqU7tjiHlbxRDZOpH0KW9+CeX4bRAaX0Anxt0tx2MrpRpWwQaPwIlISEJhYU5Pw=="
    },
    "node_modules/bl": {
      "version": "0.4.2",
      "resolved": "https://registry.npmjs.org/bl/-/bl-0.4.2.tgz",
      "integrity": "sha1-XbMdcvA4xU5orcOVeBJf47Ct3JY=",
      "dependencies": {
        "readable-stream": "~1.0.2"
      }
    },
    "node_modules/bluebird": {
      "version": "2.11.0",
      "resolved": "https://registry.npmjs.org/bluebird/-/bluebird-2.11.0.tgz",
      "integrity": "sha1-U0uQM8AiyVecVro7Plpcqvu2UOE="
    },
    "node_modules/brace-expansion": {
      "version": "1.1.11",
      "resolved": "https://registry.npmjs.org/brace-expansion/-/brace-expansion-1.1.11.tgz",
      "integrity": "sha512-iCuPHDFgrHX7H2vEI/5xpz07zSHB00TpugqhmYtVmMO6518mCuRMoOYFldEBl0g187ufozdaHgWKcYFb61qGiA==",
      "dependencies": {
        "balanced-match": "^1.0.0",
        "concat-map": "0.0.1"
      }
    },
    "node_modules/chalk": {
      "version": "0.5.1",
      "resolved": "https://registry.npmjs.org/chalk/-/chalk-0.5.1.tgz",
      "integrity": "sha1-Zjs6ZItotV0EaQ1JFnqoN4WPIXQ=",
      "dependencies": {
        "ansi-styles": "^1.1.0",
        "escape-string-regexp": "^1.0.0",
        "has-ansi": "^0.1.0",
        "strip-ansi": "^0.3.0",
        "supports-color": "^0.2.0"
      },
      "engines": {
        "node": ">=0.10.0"
      }
    },
    "node_modules/classifier": {
      "version": "0.1.0",
      "resolved": "https://registry.npmjs.org/classifier/-/classifier-0.1.0.tgz",
      "integrity": "sha1-4rGFu6Y7v5J893cO6h63Cus/lZY=",
      "deprecated": "Package no longer supported. Contact support@npmjs.com for more info.",
      "dependencies": {
        "redis": ">=0.7.0",
        "underscore": ">=1.1.0"
      },
      "engines": {
        "node": "*"
      }
    },
    "node_modules/cluster-key-slot": {
      "version": "1.1.0",
      "resolved": "https://registry.npmjs.org/cluster-key-slot/-/cluster-key-slot-1.1.0.tgz",
      "integrity": "sha512-2Nii8p3RwAPiFwsnZvukotvow2rIHM+yQ6ZcBXGHdniadkYGZYiGmkHJIbZPIV9nfv7m/U1IPMVVcAhoWFeklw==",
      "engines": {
        "node": ">=0.10.0"
      }
    },
    "node_modules/code-challenge": {
      "version": "0.0.5",
      "resolved": "https://registry.npmjs.org/code-challenge/-/code-challenge-0.0.5.tgz",
      "integrity": "sha1-N+bRNfjpJGrJhuKm0pL0qqOcNTE=",
      "dependencies": {
        "bluebird": "^2.1.3",
        "chalk": "^0.5.1",
        "diff": "^1.0.8",
        "glob": "^4.0.3",
        "javascript-stringify": "^1.0.0",
        "language-detect": "^1.0.0",
        "language-detect-exec": "^1.0.0",
        "language-detect-spawn": "^1.0.0",
        "language-map": "^1.0.0",
        "lodash": "^2.4.1",
        "mkdirp": "^0.5.0",
        "orchestrator": "^0.3.3",
        "pygmentize-bundled": "^2.1.1",
        "repeat-string": "^0.1.2",
        "resolve": "^1.0.0",
        "term-list-scrollable": "^0.1.3",
        "yargs": "^1.2.2"
      },
      "bin": {
        "challenge": "bin/challenge.js"
      }
    },
    "node_modules/concat-map": {
      "version": "0.0.1",
      "resolved": "https://registry.npmjs.org/concat-map/-/concat-map-0.0.1.tgz",
      "integrity": "sha1-2Klr13/Wjfd5OnMDajug1UBdR3s="
    },
    "node_modules/core-util-is": {
      "version": "1.0.3",
      "resolved": "https://registry.npmjs.org/core-util-is/-/core-util-is-1.0.3.tgz",
      "integrity": "sha512-ZQBvi1DcpJ4GDqanjucZ2Hj3wEO5pZDS89BWbkcrvdxksJorwUDDZamX9ldFkp9aw2lmBDLgkObEA4DWNJ9FYQ=="
    },
    "node_modules/diff": {
      "version": "1.4.0",
      "resolved": "https://registry.npmjs.org/diff/-/diff-1.4.0.tgz",
      "integrity": "sha1-fyjS657nsVqX79ic5j3P2qPMur8=",
      "engines": {
        "node": ">=0.3.1"
      }
    },
    "node_modules/end-of-stream": {
      "version": "0.1.5",
      "resolved": "https://registry.npmjs.org/end-of-stream/-/end-of-stream-0.1.5.tgz",
      "integrity": "sha1-jhdyBsPICDfYVjLouTWd/osvbq8=",
      "dependencies": {
        "once": "~1.3.0"
      }
    },
    "node_modules/end-of-stream/node_modules/once": {
      "version": "1.3.3",
      "resolved": "https://registry.npmjs.org/once/-/once-1.3.3.tgz",
      "integrity": "sha1-suJhVXzkwxTsgwTz+oJmPkKXyiA=",
      "dependencies": {
        "wrappy": "1"
      }
    },
    "node_modules/escape-string-regexp": {
      "version": "1.0.5",
      "resolved": "https://registry.npmjs.org/escape-string-regexp/-/escape-string-regexp-1.0.5.tgz",
      "integrity": "sha1-G2HAViGQqN/2rjuyzwIAyhMLhtQ=",
      "engines": {
        "node": ">=0.8.0"
      }
    },
    "node_modules/function-bind": {
      "version": "1.1.1",
      "resolved": "https://registry.npmjs.org/function-bind/-/function-bind-1.1.1.tgz",
      "integrity": "sha512-yIovAzMX49sF8Yl58fSCWJ5svSLuaibPxXQJFLmBObTuCr0Mf1KiPopGM9NiFjiYBCbfaa2Fh6breQ6ANVTI0A=="
    },
    "node_modules/generic-pool": {
      "version": "3.8.2",
      "resolved": "https://registry.npmjs.org/generic-pool/-/generic-pool-3.8.2.tgz",
      "integrity": "sha512-nGToKy6p3PAbYQ7p1UlWl6vSPwfwU6TMSWK7TTu+WUY4ZjyZQGniGGt2oNVvyNSpyZYSB43zMXVLcBm08MTMkg==",
      "engines": {
        "node": ">= 4"
      }
    },
    "node_modules/glob": {
      "version": "4.5.3",
      "resolved": "https://registry.npmjs.org/glob/-/glob-4.5.3.tgz",
      "integrity": "sha1-xstz0yJsHv7wTePFbQEvAzd+4V8=",
      "dependencies": {
        "inflight": "^1.0.4",
        "inherits": "2",
        "minimatch": "^2.0.1",
        "once": "^1.3.0"
      },
      "engines": {
        "node": "*"
      }
    },
    "node_modules/has": {
      "version": "1.0.3",
      "resolved": "https://registry.npmjs.org/has/-/has-1.0.3.tgz",
      "integrity": "sha512-f2dvO0VU6Oej7RkWJGrehjbzMAjFp5/VKPp5tTpWIV4JHHZK1/BxbFRtf/siA2SWTe09caDmVtYYzWEIbBS4zw==",
      "dependencies": {
        "function-bind": "^1.1.1"
      },
      "engines": {
        "node": ">= 0.4.0"
      }
    },
    "node_modules/has-ansi": {
      "version": "0.1.0",
      "resolved": "https://registry.npmjs.org/has-ansi/-/has-ansi-0.1.0.tgz",
      "integrity": "sha1-hPJlqujA5qiKEtcCKJS3VoiUxi4=",
      "dependencies": {
        "ansi-regex": "^0.2.0"
      },
      "bin": {
        "has-ansi": "cli.js"
      },
      "engines": {
        "node": ">=0.10.0"
      }
    },
    "node_modules/inflight": {
      "version": "1.0.6",
      "resolved": "https://registry.npmjs.org/inflight/-/inflight-1.0.6.tgz",
      "integrity": "sha1-Sb1jMdfQLQwJvJEKEHW6gWW1bfk=",
      "dependencies": {
        "once": "^1.3.0",
        "wrappy": "1"
      }
    },
    "node_modules/inherits": {
      "version": "2.0.4",
      "resolved": "https://registry.npmjs.org/inherits/-/inherits-2.0.4.tgz",
      "integrity": "sha512-k/vGaX4/Yla3WzyMCvTQOXYeIHvqOKtnqBduzTHpzpQZzAskKMhZ2K+EnBiSM9zGSoIFeMpXKxa4dYeZIQqewQ=="
    },
    "node_modules/is-core-module": {
      "version": "2.8.0",
      "resolved": "https://registry.npmjs.org/is-core-module/-/is-core-module-2.8.0.tgz",
      "integrity": "sha512-vd15qHsaqrRL7dtH6QNuy0ndJmRDrS9HAM1CAiSifNUFv4x1a0CCVsj18hJ1mShxIG6T2i1sO78MkP56r0nYRw==",
      "dependencies": {
        "has": "^1.0.3"
      },
      "funding": {
        "url": "https://github.com/sponsors/ljharb"
      }
    },
    "node_modules/isarray": {
      "version": "0.0.1",
      "resolved": "https://registry.npmjs.org/isarray/-/isarray-0.0.1.tgz",
      "integrity": "sha1-ihis/Kmo9Bd+Cav8YDiTmwXR7t8="
    },
    "node_modules/javascript-stringify": {
      "version": "1.6.0",
      "resolved": "https://registry.npmjs.org/javascript-stringify/-/javascript-stringify-1.6.0.tgz",
      "integrity": "sha1-FC0RHzpuPa6PSpr9d9RYVbWpzOM="
    },
    "node_modules/keypress": {
      "version": "0.2.1",
      "resolved": "https://registry.npmjs.org/keypress/-/keypress-0.2.1.tgz",
      "integrity": "sha1-HoBFQlABjbrUw/6USX1uZ7YmnHc="
    },
    "node_modules/language-classifier": {
      "version": "0.0.1",
      "resolved": "https://registry.npmjs.org/language-classifier/-/language-classifier-0.0.1.tgz",
      "integrity": "sha1-sMRMqzMZSOaKh5zWPVwdpok2d0s=",
      "dependencies": {
        "classifier": "~0.1.0"
      }
    },
    "node_modules/language-command": {
      "version": "1.0.0",
      "resolved": "https://registry.npmjs.org/language-command/-/language-command-1.0.0.tgz",
      "integrity": "sha1-cfv2VhnzuhsuiFW0AvR66BC+tL4=",
      "dependencies": {
        "lodash": "^2.4.1"
      }
    },
    "node_modules/language-detect": {
      "version": "1.1.0",
      "resolved": "https://registry.npmjs.org/language-detect/-/language-detect-1.1.0.tgz",
      "integrity": "sha1-J0u49YvsSZzvKoz9sQKBJO67GOE=",
      "dependencies": {
        "language-classifier": "0.0.1"
      }
    },
    "node_modules/language-detect-exec": {
      "version": "1.0.0",
      "resolved": "https://registry.npmjs.org/language-detect-exec/-/language-detect-exec-1.0.0.tgz",
      "integrity": "sha1-HgIlm8N1pWdhCgDDoYNfT7Lji1s=",
      "dependencies": {
        "language-detect": "^1.0.0",
        "language-exec": "^1.0.0"
      }
    },
    "node_modules/language-detect-spawn": {
      "version": "1.0.0",
      "resolved": "https://registry.npmjs.org/language-detect-spawn/-/language-detect-spawn-1.0.0.tgz",
      "integrity": "sha1-xy1OqH68jOy2lKWptp987e3eDp8=",
      "dependencies": {
        "language-detect": "^1.0.0",
        "language-spawn": "^1.0.0"
      }
    },
    "node_modules/language-exec": {
      "version": "1.0.0",
      "resolved": "https://registry.npmjs.org/language-exec/-/language-exec-1.0.0.tgz",
      "integrity": "sha1-x7qslishd79Xldl44QeE8Go/ICo=",
      "dependencies": {
        "language-command": "^1.0.0",
        "xtend": "^4.0.0"
      }
    },
    "node_modules/language-map": {
      "version": "1.5.0",
      "resolved": "https://registry.npmjs.org/language-map/-/language-map-1.5.0.tgz",
      "integrity": "sha512-n7gFZpe+DwEAX9cXVTw43i3wiudWDDtSn28RmdnS/HCPr284dQI/SztsamWanRr75oSlKSaGbV2nmWCTzGCoVg=="
    },
    "node_modules/language-spawn": {
      "version": "1.0.0",
      "resolved": "https://registry.npmjs.org/language-spawn/-/language-spawn-1.0.0.tgz",
      "integrity": "sha1-3pW4BrQbcGQAYyLp18br8jukb7M=",
      "dependencies": {
        "language-command": "^1.0.0",
        "xtend": "^4.0.0"
      }
    },
    "node_modules/lodash": {
      "version": "2.4.2",
      "resolved": "https://registry.npmjs.org/lodash/-/lodash-2.4.2.tgz",
      "integrity": "sha1-+t2DS5aDBz2hebPq5tnA0VBT9z4=",
      "engines": [
        "node",
        "rhino"
      ]
    },
    "node_modules/minimatch": {
      "version": "2.0.10",
      "resolved": "https://registry.npmjs.org/minimatch/-/minimatch-2.0.10.tgz",
      "integrity": "sha1-jQh8OcazjAAbl/ynzm0OHoCvusc=",
      "deprecated": "Please update to minimatch 3.0.2 or higher to avoid a RegExp DoS issue",
      "dependencies": {
        "brace-expansion": "^1.0.0"
      },
      "engines": {
        "node": "*"
      }
    },
    "node_modules/minimist": {
      "version": "1.2.5",
      "resolved": "https://registry.npmjs.org/minimist/-/minimist-1.2.5.tgz",
      "integrity": "sha512-FM9nNUYrRBAELZQT3xeZQ7fmMOBg6nWNmJKTcgsJeaLstP/UODVpGsr5OhXhhXg6f+qtJ8uiZ+PUxkDWcgIXLw=="
    },
    "node_modules/mkdirp": {
      "version": "0.5.5",
      "resolved": "https://registry.npmjs.org/mkdirp/-/mkdirp-0.5.5.tgz",
      "integrity": "sha512-NKmAlESf6jMGym1++R0Ra7wvhV+wFW63FaSOFPwRahvea0gMUcGUhVeAg/0BC0wiv9ih5NYPB1Wn1UEI1/L+xQ==",
      "dependencies": {
        "minimist": "^1.2.5"
      },
      "bin": {
        "mkdirp": "bin/cmd.js"
      }
    },
    "node_modules/object-keys": {
      "version": "0.4.0",
      "resolved": "https://registry.npmjs.org/object-keys/-/object-keys-0.4.0.tgz",
      "integrity": "sha1-KKaq50KN0sOpLz2V8hM13SBOAzY="
    },
    "node_modules/once": {
      "version": "1.4.0",
      "resolved": "https://registry.npmjs.org/once/-/once-1.4.0.tgz",
      "integrity": "sha1-WDsap3WWHUsROsF9nFC6753Xa9E=",
      "dependencies": {
        "wrappy": "1"
      }
    },
    "node_modules/orchestrator": {
      "version": "0.3.8",
      "resolved": "https://registry.npmjs.org/orchestrator/-/orchestrator-0.3.8.tgz",
      "integrity": "sha1-FOfp4nZPcxX7rBhOUGx6pt+UrX4=",
      "dependencies": {
        "end-of-stream": "~0.1.5",
        "sequencify": "~0.0.7",
        "stream-consume": "~0.1.0"
      }
    },
    "node_modules/path-parse": {
      "version": "1.0.7",
      "resolved": "https://registry.npmjs.org/path-parse/-/path-parse-1.0.7.tgz",
      "integrity": "sha512-LDJzPVEEEPR+y48z93A0Ed0yXb8pAByGWo/k5YYdYgpY2/2EsOsksJrq7lOHxryrVOn1ejG6oAp8ahvOIQD8sw=="
    },
    "node_modules/pygmentize-bundled": {
      "version": "2.3.0",
      "resolved": "https://registry.npmjs.org/pygmentize-bundled/-/pygmentize-bundled-2.3.0.tgz",
      "integrity": "sha1-1CXe2o0TaXW5M+3jYxNfYjNQgUo=",
      "deprecated": "no longer maintained",
      "dependencies": {
        "bl": "~0.4.1",
        "through2": "~0.2.1"
      }
    },
    "node_modules/readable-stream": {
      "version": "1.0.34",
      "resolved": "https://registry.npmjs.org/readable-stream/-/readable-stream-1.0.34.tgz",
      "integrity": "sha1-Elgg40vIQtLyqq+v5MKRbuMsFXw=",
      "dependencies": {
        "core-util-is": "~1.0.0",
        "inherits": "~2.0.1",
        "isarray": "0.0.1",
        "string_decoder": "~0.10.x"
      }
    },
    "node_modules/redis": {
      "version": "4.0.0",
      "resolved": "https://registry.npmjs.org/redis/-/redis-4.0.0.tgz",
      "integrity": "sha512-LtV6+h0F/e3F4mtDKKGZIl/ekEjsiqX2E0hmtNqjGqXj3wYi/nAfeVNWKRa7wFuJ+nkqwXATFGvu6h2fLCgA1A==",
      "dependencies": {
        "@node-redis/client": "^1.0.0",
        "@node-redis/json": "^1.0.0",
        "@node-redis/search": "^1.0.0"
      }
    },
    "node_modules/redis-errors": {
      "version": "1.2.0",
      "resolved": "https://registry.npmjs.org/redis-errors/-/redis-errors-1.2.0.tgz",
      "integrity": "sha1-62LSrbFeTq9GEMBK/hUpOEJQq60=",
      "engines": {
        "node": ">=4"
      }
    },
    "node_modules/redis-parser": {
      "version": "3.0.0",
      "resolved": "https://registry.npmjs.org/redis-parser/-/redis-parser-3.0.0.tgz",
      "integrity": "sha1-tm2CjNyv5rS4pCin3vTGvKwxyLQ=",
      "dependencies": {
        "redis-errors": "^1.0.0"
      },
      "engines": {
        "node": ">=4"
      }
    },
    "node_modules/repeat-string": {
      "version": "0.1.2",
      "resolved": "https://registry.npmjs.org/repeat-string/-/repeat-string-0.1.2.tgz",
      "integrity": "sha1-06mfAfLBaamzjsVzyXr89QjZEig=",
      "engines": {
        "node": ">=0.10"
      }
    },
    "node_modules/resolve": {
      "version": "1.20.0",
      "resolved": "https://registry.npmjs.org/resolve/-/resolve-1.20.0.tgz",
      "integrity": "sha512-wENBPt4ySzg4ybFQW2TT1zMQucPK95HSh/nq2CFTZVOGut2+pQvSsgtda4d26YrYcr067wjbmzOG8byDPBX63A==",
      "dependencies": {
        "is-core-module": "^2.2.0",
        "path-parse": "^1.0.6"
      },
      "funding": {
        "url": "https://github.com/sponsors/ljharb"
      }
    },
    "node_modules/sequencify": {
      "version": "0.0.7",
      "resolved": "https://registry.npmjs.org/sequencify/-/sequencify-0.0.7.tgz",
      "integrity": "sha1-kM/xnQLgcCf9dn9erT57ldHnOAw=",
      "engines": {
        "node": ">= 0.4"
      }
    },
    "node_modules/stream-consume": {
      "version": "0.1.1",
      "resolved": "https://registry.npmjs.org/stream-consume/-/stream-consume-0.1.1.tgz",
      "integrity": "sha512-tNa3hzgkjEP7XbCkbRXe1jpg+ievoa0O4SCFlMOYEscGSS4JJsckGL8swUyAa/ApGU3Ae4t6Honor4HhL+tRyg=="
    },
    "node_modules/string_decoder": {
      "version": "0.10.31",
      "resolved": "https://registry.npmjs.org/string_decoder/-/string_decoder-0.10.31.tgz",
      "integrity": "sha1-YuIDvEF2bGwoyfyEMB2rHFMQ+pQ="
    },
    "node_modules/strip-ansi": {
      "version": "0.3.0",
      "resolved": "https://registry.npmjs.org/strip-ansi/-/strip-ansi-0.3.0.tgz",
      "integrity": "sha1-JfSOoiynkYfzF0pNuHWTR7sSYiA=",
      "dependencies": {
        "ansi-regex": "^0.2.1"
      },
      "bin": {
        "strip-ansi": "cli.js"
      },
      "engines": {
        "node": ">=0.10.0"
      }
    },
    "node_modules/supports-color": {
      "version": "0.2.0",
      "resolved": "https://registry.npmjs.org/supports-color/-/supports-color-0.2.0.tgz",
      "integrity": "sha1-2S3iaU6z9nMjlz1649i1W0wiGQo=",
      "bin": {
        "supports-color": "cli.js"
      },
      "engines": {
        "node": ">=0.10.0"
      }
    },
    "node_modules/term-canvas": {
      "version": "0.0.5",
      "resolved": "https://registry.npmjs.org/term-canvas/-/term-canvas-0.0.5.tgz",
      "integrity": "sha1-WXr6wvpjaabxeGC86cX2bW6gypY="
    },
    "node_modules/term-list": {
      "version": "0.2.1",
      "resolved": "https://registry.npmjs.org/term-list/-/term-list-0.2.1.tgz",
      "integrity": "sha1-qxaEhnafQORr26jyLfKCnOrz2eM=",
      "dependencies": {
        "keypress": "~0.2.1",
        "term-canvas": "0.0.5"
      }
    },
    "node_modules/term-list-scrollable": {
      "version": "0.1.3",
      "resolved": "https://registry.npmjs.org/term-list-scrollable/-/term-list-scrollable-0.1.3.tgz",
      "integrity": "sha1-//lBbm4lBZ641Pj/0tSRiLLGytI=",
      "dependencies": {
        "keypress": "^0.2.1",
        "term-list": "^0.2.1"
      }
    },
    "node_modules/through2": {
      "version": "0.2.3",
      "resolved": "https://registry.npmjs.org/through2/-/through2-0.2.3.tgz",
      "integrity": "sha1-6zKE2k6jEbbMis42U3SKUqvyWj8=",
      "dependencies": {
        "readable-stream": "~1.1.9",
        "xtend": "~2.1.1"
      }
    },
    "node_modules/through2/node_modules/readable-stream": {
      "version": "1.1.14",
      "resolved": "https://registry.npmjs.org/readable-stream/-/readable-stream-1.1.14.tgz",
      "integrity": "sha1-fPTFTvZI44EwhMY23SB54WbAgdk=",
      "dependencies": {
        "core-util-is": "~1.0.0",
        "inherits": "~2.0.1",
        "isarray": "0.0.1",
        "string_decoder": "~0.10.x"
      }
    },
    "node_modules/through2/node_modules/xtend": {
      "version": "2.1.2",
      "resolved": "https://registry.npmjs.org/xtend/-/xtend-2.1.2.tgz",
      "integrity": "sha1-bv7MKk2tjmlixJAbM3znuoe10os=",
      "dependencies": {
        "object-keys": "~0.4.0"
      },
      "engines": {
        "node": ">=0.4"
      }
    },
    "node_modules/underscore": {
      "version": "1.13.1",
      "resolved": "https://registry.npmjs.org/underscore/-/underscore-1.13.1.tgz",
      "integrity": "sha512-hzSoAVtJF+3ZtiFX0VgfFPHEDRm7Y/QPjGyNo4TVdnDTdft3tr8hEkD25a1jC+TjTuE7tkHGKkhwCgs9dgBB2g=="
    },
    "node_modules/wrappy": {
      "version": "1.0.2",
      "resolved": "https://registry.npmjs.org/wrappy/-/wrappy-1.0.2.tgz",
      "integrity": "sha1-tSQ9jz7BqjXxNkYFvA0QNuMKtp8="
    },
    "node_modules/xtend": {
      "version": "4.0.2",
      "resolved": "https://registry.npmjs.org/xtend/-/xtend-4.0.2.tgz",
      "integrity": "sha512-LKYU1iAXJXUgAXn9URjiu+MWhyUXHsvfp7mcuYm9dSUKK0/CjtrUwFAxD82/mCWbtLsGjFIad0wIsod4zrTAEQ==",
      "engines": {
        "node": ">=0.4"
      }
    },
    "node_modules/yallist": {
      "version": "4.0.0",
      "resolved": "https://registry.npmjs.org/yallist/-/yallist-4.0.0.tgz",
      "integrity": "sha512-3wdGidZyq5PB084XLES5TpOSRA3wjXAlIWMhum2kRcv/41Sn2emQ0dycQW4uZXLejwKvg6EsvbdlVL+FYEct7A=="
    },
    "node_modules/yargs": {
      "version": "1.3.3",
      "resolved": "https://registry.npmjs.org/yargs/-/yargs-1.3.3.tgz",
      "integrity": "sha1-BU3oth8i7v23IHBZ6u+da4P7kxo="
    }
  },
  "dependencies": {
    "@node-redis/client": {
      "version": "1.0.0",
      "resolved": "https://registry.npmjs.org/@node-redis/client/-/client-1.0.0.tgz",
      "integrity": "sha512-DWDMeZELXG3rOGzCKfJEHCkCP6rgiA1H+oqj2N0NR4Q0fQUYMxTsyoqt80GpdYLilUW6zoCiQl9yL3vJhGhiCA==",
      "requires": {
        "cluster-key-slot": "1.1.0",
        "generic-pool": "3.8.2",
        "redis-parser": "3.0.0",
        "yallist": "4.0.0"
      }
    },
    "@node-redis/json": {
      "version": "1.0.0",
      "resolved": "https://registry.npmjs.org/@node-redis/json/-/json-1.0.0.tgz",
      "integrity": "sha512-6e4qjbHODfr/KFsHYvkbfNui/kedVz+cG7Hz8oNbZM3p68QLf3A8FjcPYzixBp/QbvPeOSLgj39DjVEqjKkqkw==",
      "requires": {}
    },
    "@node-redis/search": {
      "version": "1.0.0",
      "resolved": "https://registry.npmjs.org/@node-redis/search/-/search-1.0.0.tgz",
      "integrity": "sha512-f0Cw83X5+bpDIDTNSpd3YA+ckV3kwSv/NfcKhHRPGDQXFqyMLO0Q+2t8EMQncvsMRWduURsR4nqMYGzXae1ZCA==",
      "requires": {}
    },
    "ansi-regex": {
      "version": "0.2.1",
      "resolved": "https://registry.npmjs.org/ansi-regex/-/ansi-regex-0.2.1.tgz",
      "integrity": "sha1-DY6UaWej2BQ/k+JOKYUl/BsiNfk="
    },
    "ansi-styles": {
      "version": "1.1.0",
      "resolved": "https://registry.npmjs.org/ansi-styles/-/ansi-styles-1.1.0.tgz",
      "integrity": "sha1-6uy/Zs1waIJ2Cy9GkVgrj1XXp94="
    },
    "balanced-match": {
      "version": "1.0.2",
      "resolved": "https://registry.npmjs.org/balanced-match/-/balanced-match-1.0.2.tgz",
      "integrity": "sha512-3oSeUO0TMV67hN1AmbXsK4yaqU7tjiHlbxRDZOpH0KW9+CeX4bRAaX0Anxt0tx2MrpRpWwQaPwIlISEJhYU5Pw=="
    },
    "bl": {
      "version": "0.4.2",
      "resolved": "https://registry.npmjs.org/bl/-/bl-0.4.2.tgz",
      "integrity": "sha1-XbMdcvA4xU5orcOVeBJf47Ct3JY=",
      "requires": {
        "readable-stream": "~1.0.2"
      }
    },
    "bluebird": {
      "version": "2.11.0",
      "resolved": "https://registry.npmjs.org/bluebird/-/bluebird-2.11.0.tgz",
      "integrity": "sha1-U0uQM8AiyVecVro7Plpcqvu2UOE="
    },
    "brace-expansion": {
      "version": "1.1.11",
      "resolved": "https://registry.npmjs.org/brace-expansion/-/brace-expansion-1.1.11.tgz",
      "integrity": "sha512-iCuPHDFgrHX7H2vEI/5xpz07zSHB00TpugqhmYtVmMO6518mCuRMoOYFldEBl0g187ufozdaHgWKcYFb61qGiA==",
      "requires": {
        "balanced-match": "^1.0.0",
        "concat-map": "0.0.1"
      }
    },
    "chalk": {
      "version": "0.5.1",
      "resolved": "https://registry.npmjs.org/chalk/-/chalk-0.5.1.tgz",
      "integrity": "sha1-Zjs6ZItotV0EaQ1JFnqoN4WPIXQ=",
      "requires": {
        "ansi-styles": "^1.1.0",
        "escape-string-regexp": "^1.0.0",
        "has-ansi": "^0.1.0",
        "strip-ansi": "^0.3.0",
        "supports-color": "^0.2.0"
      }
    },
    "classifier": {
      "version": "0.1.0",
      "resolved": "https://registry.npmjs.org/classifier/-/classifier-0.1.0.tgz",
      "integrity": "sha1-4rGFu6Y7v5J893cO6h63Cus/lZY=",
      "requires": {
        "redis": ">=0.7.0",
        "underscore": ">=1.1.0"
      }
    },
    "cluster-key-slot": {
      "version": "1.1.0",
      "resolved": "https://registry.npmjs.org/cluster-key-slot/-/cluster-key-slot-1.1.0.tgz",
      "integrity": "sha512-2Nii8p3RwAPiFwsnZvukotvow2rIHM+yQ6ZcBXGHdniadkYGZYiGmkHJIbZPIV9nfv7m/U1IPMVVcAhoWFeklw=="
    },
    "code-challenge": {
      "version": "0.0.5",
      "resolved": "https://registry.npmjs.org/code-challenge/-/code-challenge-0.0.5.tgz",
      "integrity": "sha1-N+bRNfjpJGrJhuKm0pL0qqOcNTE=",
      "requires": {
        "bluebird": "^2.1.3",
        "chalk": "^0.5.1",
        "diff": "^1.0.8",
        "glob": "^4.0.3",
        "javascript-stringify": "^1.0.0",
        "language-detect": "^1.0.0",
        "language-detect-exec": "^1.0.0",
        "language-detect-spawn": "^1.0.0",
        "language-map": "^1.0.0",
        "lodash": "^2.4.1",
        "mkdirp": "^0.5.0",
        "orchestrator": "^0.3.3",
        "pygmentize-bundled": "^2.1.1",
        "repeat-string": "^0.1.2",
        "resolve": "^1.0.0",
        "term-list-scrollable": "^0.1.3",
        "yargs": "^1.2.2"
      }
    },
    "concat-map": {
      "version": "0.0.1",
      "resolved": "https://registry.npmjs.org/concat-map/-/concat-map-0.0.1.tgz",
      "integrity": "sha1-2Klr13/Wjfd5OnMDajug1UBdR3s="
    },
    "core-util-is": {
      "version": "1.0.3",
      "resolved": "https://registry.npmjs.org/core-util-is/-/core-util-is-1.0.3.tgz",
      "integrity": "sha512-ZQBvi1DcpJ4GDqanjucZ2Hj3wEO5pZDS89BWbkcrvdxksJorwUDDZamX9ldFkp9aw2lmBDLgkObEA4DWNJ9FYQ=="
    },
    "diff": {
      "version": "1.4.0",
      "resolved": "https://registry.npmjs.org/diff/-/diff-1.4.0.tgz",
      "integrity": "sha1-fyjS657nsVqX79ic5j3P2qPMur8="
    },
    "end-of-stream": {
      "version": "0.1.5",
      "resolved": "https://registry.npmjs.org/end-of-stream/-/end-of-stream-0.1.5.tgz",
      "integrity": "sha1-jhdyBsPICDfYVjLouTWd/osvbq8=",
      "requires": {
        "once": "~1.3.0"
      },
      "dependencies": {
        "once": {
          "version": "1.3.3",
          "resolved": "https://registry.npmjs.org/once/-/once-1.3.3.tgz",
          "integrity": "sha1-suJhVXzkwxTsgwTz+oJmPkKXyiA=",
          "requires": {
            "wrappy": "1"
          }
        }
      }
    },
    "escape-string-regexp": {
      "version": "1.0.5",
      "resolved": "https://registry.npmjs.org/escape-string-regexp/-/escape-string-regexp-1.0.5.tgz",
      "integrity": "sha1-G2HAViGQqN/2rjuyzwIAyhMLhtQ="
    },
    "function-bind": {
      "version": "1.1.1",
      "resolved": "https://registry.npmjs.org/function-bind/-/function-bind-1.1.1.tgz",
      "integrity": "sha512-yIovAzMX49sF8Yl58fSCWJ5svSLuaibPxXQJFLmBObTuCr0Mf1KiPopGM9NiFjiYBCbfaa2Fh6breQ6ANVTI0A=="
    },
    "generic-pool": {
      "version": "3.8.2",
      "resolved": "https://registry.npmjs.org/generic-pool/-/generic-pool-3.8.2.tgz",
      "integrity": "sha512-nGToKy6p3PAbYQ7p1UlWl6vSPwfwU6TMSWK7TTu+WUY4ZjyZQGniGGt2oNVvyNSpyZYSB43zMXVLcBm08MTMkg=="
    },
    "glob": {
      "version": "4.5.3",
      "resolved": "https://registry.npmjs.org/glob/-/glob-4.5.3.tgz",
      "integrity": "sha1-xstz0yJsHv7wTePFbQEvAzd+4V8=",
      "requires": {
        "inflight": "^1.0.4",
        "inherits": "2",
        "minimatch": "^2.0.1",
        "once": "^1.3.0"
      }
    },
    "has": {
      "version": "1.0.3",
      "resolved": "https://registry.npmjs.org/has/-/has-1.0.3.tgz",
      "integrity": "sha512-f2dvO0VU6Oej7RkWJGrehjbzMAjFp5/VKPp5tTpWIV4JHHZK1/BxbFRtf/siA2SWTe09caDmVtYYzWEIbBS4zw==",
      "requires": {
        "function-bind": "^1.1.1"
      }
    },
    "has-ansi": {
      "version": "0.1.0",
      "resolved": "https://registry.npmjs.org/has-ansi/-/has-ansi-0.1.0.tgz",
      "integrity": "sha1-hPJlqujA5qiKEtcCKJS3VoiUxi4=",
      "requires": {
        "ansi-regex": "^0.2.0"
      }
    },
    "inflight": {
      "version": "1.0.6",
      "resolved": "https://registry.npmjs.org/inflight/-/inflight-1.0.6.tgz",
      "integrity": "sha1-Sb1jMdfQLQwJvJEKEHW6gWW1bfk=",
      "requires": {
        "once": "^1.3.0",
        "wrappy": "1"
      }
    },
    "inherits": {
      "version": "2.0.4",
      "resolved": "https://registry.npmjs.org/inherits/-/inherits-2.0.4.tgz",
      "integrity": "sha512-k/vGaX4/Yla3WzyMCvTQOXYeIHvqOKtnqBduzTHpzpQZzAskKMhZ2K+EnBiSM9zGSoIFeMpXKxa4dYeZIQqewQ=="
    },
    "is-core-module": {
      "version": "2.8.0",
      "resolved": "https://registry.npmjs.org/is-core-module/-/is-core-module-2.8.0.tgz",
      "integrity": "sha512-vd15qHsaqrRL7dtH6QNuy0ndJmRDrS9HAM1CAiSifNUFv4x1a0CCVsj18hJ1mShxIG6T2i1sO78MkP56r0nYRw==",
      "requires": {
        "has": "^1.0.3"
      }
    },
    "isarray": {
      "version": "0.0.1",
      "resolved": "https://registry.npmjs.org/isarray/-/isarray-0.0.1.tgz",
      "integrity": "sha1-ihis/Kmo9Bd+Cav8YDiTmwXR7t8="
    },
    "javascript-stringify": {
      "version": "1.6.0",
      "resolved": "https://registry.npmjs.org/javascript-stringify/-/javascript-stringify-1.6.0.tgz",
      "integrity": "sha1-FC0RHzpuPa6PSpr9d9RYVbWpzOM="
    },
    "keypress": {
      "version": "0.2.1",
      "resolved": "https://registry.npmjs.org/keypress/-/keypress-0.2.1.tgz",
      "integrity": "sha1-HoBFQlABjbrUw/6USX1uZ7YmnHc="
    },
    "language-classifier": {
      "version": "0.0.1",
      "resolved": "https://registry.npmjs.org/language-classifier/-/language-classifier-0.0.1.tgz",
      "integrity": "sha1-sMRMqzMZSOaKh5zWPVwdpok2d0s=",
      "requires": {
        "classifier": "~0.1.0"
      }
    },
    "language-command": {
      "version": "1.0.0",
      "resolved": "https://registry.npmjs.org/language-command/-/language-command-1.0.0.tgz",
      "integrity": "sha1-cfv2VhnzuhsuiFW0AvR66BC+tL4=",
      "requires": {
        "lodash": "^2.4.1"
      }
    },
    "language-detect": {
      "version": "1.1.0",
      "resolved": "https://registry.npmjs.org/language-detect/-/language-detect-1.1.0.tgz",
      "integrity": "sha1-J0u49YvsSZzvKoz9sQKBJO67GOE=",
      "requires": {
        "language-classifier": "0.0.1"
      }
    },
    "language-detect-exec": {
      "version": "1.0.0",
      "resolved": "https://registry.npmjs.org/language-detect-exec/-/language-detect-exec-1.0.0.tgz",
      "integrity": "sha1-HgIlm8N1pWdhCgDDoYNfT7Lji1s=",
      "requires": {
        "language-detect": "^1.0.0",
        "language-exec": "^1.0.0"
      }
    },
    "language-detect-spawn": {
      "version": "1.0.0",
      "resolved": "https://registry.npmjs.org/language-detect-spawn/-/language-detect-spawn-1.0.0.tgz",
      "integrity": "sha1-xy1OqH68jOy2lKWptp987e3eDp8=",
      "requires": {
        "language-detect": "^1.0.0",
        "language-spawn": "^1.0.0"
      }
    },
    "language-exec": {
      "version": "1.0.0",
      "resolved": "https://registry.npmjs.org/language-exec/-/language-exec-1.0.0.tgz",
      "integrity": "sha1-x7qslishd79Xldl44QeE8Go/ICo=",
      "requires": {
        "language-command": "^1.0.0",
        "xtend": "^4.0.0"
      }
    },
    "language-map": {
      "version": "1.5.0",
      "resolved": "https://registry.npmjs.org/language-map/-/language-map-1.5.0.tgz",
      "integrity": "sha512-n7gFZpe+DwEAX9cXVTw43i3wiudWDDtSn28RmdnS/HCPr284dQI/SztsamWanRr75oSlKSaGbV2nmWCTzGCoVg=="
    },
    "language-spawn": {
      "version": "1.0.0",
      "resolved": "https://registry.npmjs.org/language-spawn/-/language-spawn-1.0.0.tgz",
      "integrity": "sha1-3pW4BrQbcGQAYyLp18br8jukb7M=",
      "requires": {
        "language-command": "^1.0.0",
        "xtend": "^4.0.0"
      }
    },
    "lodash": {
      "version": "2.4.2",
      "resolved": "https://registry.npmjs.org/lodash/-/lodash-2.4.2.tgz",
      "integrity": "sha1-+t2DS5aDBz2hebPq5tnA0VBT9z4="
    },
    "minimatch": {
      "version": "2.0.10",
      "resolved": "https://registry.npmjs.org/minimatch/-/minimatch-2.0.10.tgz",
      "integrity": "sha1-jQh8OcazjAAbl/ynzm0OHoCvusc=",
      "requires": {
        "brace-expansion": "^1.0.0"
      }
    },
    "minimist": {
      "version": "1.2.5",
      "resolved": "https://registry.npmjs.org/minimist/-/minimist-1.2.5.tgz",
      "integrity": "sha512-FM9nNUYrRBAELZQT3xeZQ7fmMOBg6nWNmJKTcgsJeaLstP/UODVpGsr5OhXhhXg6f+qtJ8uiZ+PUxkDWcgIXLw=="
    },
    "mkdirp": {
      "version": "0.5.5",
      "resolved": "https://registry.npmjs.org/mkdirp/-/mkdirp-0.5.5.tgz",
      "integrity": "sha512-NKmAlESf6jMGym1++R0Ra7wvhV+wFW63FaSOFPwRahvea0gMUcGUhVeAg/0BC0wiv9ih5NYPB1Wn1UEI1/L+xQ==",
      "requires": {
        "minimist": "^1.2.5"
      }
    },
    "object-keys": {
      "version": "0.4.0",
      "resolved": "https://registry.npmjs.org/object-keys/-/object-keys-0.4.0.tgz",
      "integrity": "sha1-KKaq50KN0sOpLz2V8hM13SBOAzY="
    },
    "once": {
      "version": "1.4.0",
      "resolved": "https://registry.npmjs.org/once/-/once-1.4.0.tgz",
      "integrity": "sha1-WDsap3WWHUsROsF9nFC6753Xa9E=",
      "requires": {
        "wrappy": "1"
      }
    },
    "orchestrator": {
      "version": "0.3.8",
      "resolved": "https://registry.npmjs.org/orchestrator/-/orchestrator-0.3.8.tgz",
      "integrity": "sha1-FOfp4nZPcxX7rBhOUGx6pt+UrX4=",
      "requires": {
        "end-of-stream": "~0.1.5",
        "sequencify": "~0.0.7",
        "stream-consume": "~0.1.0"
      }
    },
    "path-parse": {
      "version": "1.0.7",
      "resolved": "https://registry.npmjs.org/path-parse/-/path-parse-1.0.7.tgz",
      "integrity": "sha512-LDJzPVEEEPR+y48z93A0Ed0yXb8pAByGWo/k5YYdYgpY2/2EsOsksJrq7lOHxryrVOn1ejG6oAp8ahvOIQD8sw=="
    },
    "pygmentize-bundled": {
      "version": "2.3.0",
      "resolved": "https://registry.npmjs.org/pygmentize-bundled/-/pygmentize-bundled-2.3.0.tgz",
      "integrity": "sha1-1CXe2o0TaXW5M+3jYxNfYjNQgUo=",
      "requires": {
        "bl": "~0.4.1",
        "through2": "~0.2.1"
      }
    },
    "readable-stream": {
      "version": "1.0.34",
      "resolved": "https://registry.npmjs.org/readable-stream/-/readable-stream-1.0.34.tgz",
      "integrity": "sha1-Elgg40vIQtLyqq+v5MKRbuMsFXw=",
      "requires": {
        "core-util-is": "~1.0.0",
        "inherits": "~2.0.1",
        "isarray": "0.0.1",
        "string_decoder": "~0.10.x"
      }
    },
    "redis": {
      "version": "4.0.0",
      "resolved": "https://registry.npmjs.org/redis/-/redis-4.0.0.tgz",
      "integrity": "sha512-LtV6+h0F/e3F4mtDKKGZIl/ekEjsiqX2E0hmtNqjGqXj3wYi/nAfeVNWKRa7wFuJ+nkqwXATFGvu6h2fLCgA1A==",
      "requires": {
        "@node-redis/client": "^1.0.0",
        "@node-redis/json": "^1.0.0",
        "@node-redis/search": "^1.0.0"
      }
    },
    "redis-errors": {
      "version": "1.2.0",
      "resolved": "https://registry.npmjs.org/redis-errors/-/redis-errors-1.2.0.tgz",
      "integrity": "sha1-62LSrbFeTq9GEMBK/hUpOEJQq60="
    },
    "redis-parser": {
      "version": "3.0.0",
      "resolved": "https://registry.npmjs.org/redis-parser/-/redis-parser-3.0.0.tgz",
      "integrity": "sha1-tm2CjNyv5rS4pCin3vTGvKwxyLQ=",
      "requires": {
        "redis-errors": "^1.0.0"
      }
    },
    "repeat-string": {
      "version": "0.1.2",
      "resolved": "https://registry.npmjs.org/repeat-string/-/repeat-string-0.1.2.tgz",
      "integrity": "sha1-06mfAfLBaamzjsVzyXr89QjZEig="
    },
    "resolve": {
      "version": "1.20.0",
      "resolved": "https://registry.npmjs.org/resolve/-/resolve-1.20.0.tgz",
      "integrity": "sha512-wENBPt4ySzg4ybFQW2TT1zMQucPK95HSh/nq2CFTZVOGut2+pQvSsgtda4d26YrYcr067wjbmzOG8byDPBX63A==",
      "requires": {
        "is-core-module": "^2.2.0",
        "path-parse": "^1.0.6"
      }
    },
    "sequencify": {
      "version": "0.0.7",
      "resolved": "https://registry.npmjs.org/sequencify/-/sequencify-0.0.7.tgz",
      "integrity": "sha1-kM/xnQLgcCf9dn9erT57ldHnOAw="
    },
    "stream-consume": {
      "version": "0.1.1",
      "resolved": "https://registry.npmjs.org/stream-consume/-/stream-consume-0.1.1.tgz",
      "integrity": "sha512-tNa3hzgkjEP7XbCkbRXe1jpg+ievoa0O4SCFlMOYEscGSS4JJsckGL8swUyAa/ApGU3Ae4t6Honor4HhL+tRyg=="
    },
    "string_decoder": {
      "version": "0.10.31",
      "resolved": "https://registry.npmjs.org/string_decoder/-/string_decoder-0.10.31.tgz",
      "integrity": "sha1-YuIDvEF2bGwoyfyEMB2rHFMQ+pQ="
    },
    "strip-ansi": {
      "version": "0.3.0",
      "resolved": "https://registry.npmjs.org/strip-ansi/-/strip-ansi-0.3.0.tgz",
      "integrity": "sha1-JfSOoiynkYfzF0pNuHWTR7sSYiA=",
      "requires": {
        "ansi-regex": "^0.2.1"
      }
    },
    "supports-color": {
      "version": "0.2.0",
      "resolved": "https://registry.npmjs.org/supports-color/-/supports-color-0.2.0.tgz",
      "integrity": "sha1-2S3iaU6z9nMjlz1649i1W0wiGQo="
    },
    "term-canvas": {
      "version": "0.0.5",
      "resolved": "https://registry.npmjs.org/term-canvas/-/term-canvas-0.0.5.tgz",
      "integrity": "sha1-WXr6wvpjaabxeGC86cX2bW6gypY="
    },
    "term-list": {
      "version": "0.2.1",
      "resolved": "https://registry.npmjs.org/term-list/-/term-list-0.2.1.tgz",
      "integrity": "sha1-qxaEhnafQORr26jyLfKCnOrz2eM=",
      "requires": {
        "keypress": "~0.2.1",
        "term-canvas": "0.0.5"
      }
    },
    "term-list-scrollable": {
      "version": "0.1.3",
      "resolved": "https://registry.npmjs.org/term-list-scrollable/-/term-list-scrollable-0.1.3.tgz",
      "integrity": "sha1-//lBbm4lBZ641Pj/0tSRiLLGytI=",
      "requires": {
        "keypress": "^0.2.1",
        "term-list": "^0.2.1"
      }
    },
    "through2": {
      "version": "0.2.3",
      "resolved": "https://registry.npmjs.org/through2/-/through2-0.2.3.tgz",
      "integrity": "sha1-6zKE2k6jEbbMis42U3SKUqvyWj8=",
      "requires": {
        "readable-stream": "~1.1.9",
        "xtend": "~2.1.1"
      },
      "dependencies": {
        "readable-stream": {
          "version": "1.1.14",
          "resolved": "https://registry.npmjs.org/readable-stream/-/readable-stream-1.1.14.tgz",
          "integrity": "sha1-fPTFTvZI44EwhMY23SB54WbAgdk=",
          "requires": {
            "core-util-is": "~1.0.0",
            "inherits": "~2.0.1",
            "isarray": "0.0.1",
            "string_decoder": "~0.10.x"
          }
        },
        "xtend": {
          "version": "2.1.2",
          "resolved": "https://registry.npmjs.org/xtend/-/xtend-2.1.2.tgz",
          "integrity": "sha1-bv7MKk2tjmlixJAbM3znuoe10os=",
          "requires": {
            "object-keys": "~0.4.0"
          }
        }
      }
    },
    "underscore": {
      "version": "1.13.1",
      "resolved": "https://registry.npmjs.org/underscore/-/underscore-1.13.1.tgz",
      "integrity": "sha512-hzSoAVtJF+3ZtiFX0VgfFPHEDRm7Y/QPjGyNo4TVdnDTdft3tr8hEkD25a1jC+TjTuE7tkHGKkhwCgs9dgBB2g=="
    },
    "wrappy": {
      "version": "1.0.2",
      "resolved": "https://registry.npmjs.org/wrappy/-/wrappy-1.0.2.tgz",
      "integrity": "sha1-tSQ9jz7BqjXxNkYFvA0QNuMKtp8="
    },
    "xtend": {
      "version": "4.0.2",
      "resolved": "https://registry.npmjs.org/xtend/-/xtend-4.0.2.tgz",
      "integrity": "sha512-LKYU1iAXJXUgAXn9URjiu+MWhyUXHsvfp7mcuYm9dSUKK0/CjtrUwFAxD82/mCWbtLsGjFIad0wIsod4zrTAEQ=="
    },
    "yallist": {
      "version": "4.0.0",
      "resolved": "https://registry.npmjs.org/yallist/-/yallist-4.0.0.tgz",
      "integrity": "sha512-3wdGidZyq5PB084XLES5TpOSRA3wjXAlIWMhum2kRcv/41Sn2emQ0dycQW4uZXLejwKvg6EsvbdlVL+FYEct7A=="
    },
    "yargs": {
      "version": "1.3.3",
      "resolved": "https://registry.npmjs.org/yargs/-/yargs-1.3.3.tgz",
      "integrity": "sha1-BU3oth8i7v23IHBZ6u+da4P7kxo="
    }
  }
}
